
Microsoft Visual Studio Solution File, Format Version 12.00
# Visual Studio Version 17
VisualStudioVersion = 17.0.32112.339
MinimumVisualStudioVersion = 10.0.40219.1
Project("{FAE04EC0-301F-11D3-BF4B-00C04F79EFBC}") = "ControleDeOrcamentoFamiliar", "ControleDeOrcamentoFamiliar\ControleDeOrcamentoFamiliar.csproj", "{403BA82C-73F5-4F9C-992A-22401717A012}"
EndProject
Global
	GlobalSection(SolutionConfigurationPlatforms) = preSolution
		Debug|Any CPU = Debug|Any CPU
		Release|Any CPU = Release|Any CPU
	EndGlobalSection
	GlobalSection(ProjectConfigurationPlatforms) = postSolution
		{403BA82C-73F5-4F9C-992A-22401717A012}.Debug|Any CPU.ActiveCfg = Debug|Any CPU
		{403BA82C-73F5-4F9C-992A-22401717A012}.Debug|Any CPU.Build.0 = Debug|Any CPU
		{403BA82C-73F5-4F9C-992A-22401717A012}.Release|Any CPU.ActiveCfg = Release|Any CPU
		{403BA82C-73F5-4F9C-992A-22401717A012}.Release|Any CPU.Build.0 = Release|Any CPU
	EndGlobalSection
	GlobalSection(SolutionProperties) = preSolution
		HideSolutionNode = FALSE
	EndGlobalSection
	GlobalSection(ExtensibilityGlobals) = postSolution
		SolutionGuid = {86CF879D-09DE-432C-8840-DF58CC6B7F57}
	EndGlobalSection
EndGlobal
